
Microsoft Visual Studio Solution File, Format Version 12.00
# Visual Studio 2015
Project("{FAE04EC0-301F-11D3-BF4B-00C04F79EFBC}") = "MarcoPolo.CSharp.Plugins", "MarcoPolo.CSharp.Plugins.csproj", "{B8CE562A-1444-E189-C38E-3219B17C339F}"
EndProject
Project("{FAE04EC0-301F-11D3-BF4B-00C04F79EFBC}") = "MarcoPolo.CSharp", "MarcoPolo.CSharp.csproj", "{9E2374C6-9718-D117-B656-3CEE23EE93B5}"
EndProject
Project("{FAE04EC0-301F-11D3-BF4B-00C04F79EFBC}") = "MarcoPolo.CSharp.Editor", "MarcoPolo.CSharp.Editor.csproj", "{3FFF9865-8839-E82F-4658-EF0835DE16DD}"
EndProject
Global
	GlobalSection(SolutionConfigurationPlatforms) = preSolution
		Debug|Any CPU = Debug|Any CPU
		Release|Any CPU = Release|Any CPU
	EndGlobalSection
	GlobalSection(ProjectConfigurationPlatforms) = postSolution
		{B8CE562A-1444-E189-C38E-3219B17C339F}.Debug|Any CPU.ActiveCfg = Debug|Any CPU
		{B8CE562A-1444-E189-C38E-3219B17C339F}.Debug|Any CPU.Build.0 = Debug|Any CPU
		{B8CE562A-1444-E189-C38E-3219B17C339F}.Release|Any CPU.ActiveCfg = Release|Any CPU
		{B8CE562A-1444-E189-C38E-3219B17C339F}.Release|Any CPU.Build.0 = Release|Any CPU
		{9E2374C6-9718-D117-B656-3CEE23EE93B5}.Debug|Any CPU.ActiveCfg = Debug|Any CPU
		{9E2374C6-9718-D117-B656-3CEE23EE93B5}.Debug|Any CPU.Build.0 = Debug|Any CPU
		{9E2374C6-9718-D117-B656-3CEE23EE93B5}.Release|Any CPU.ActiveCfg = Release|Any CPU
		{9E2374C6-9718-D117-B656-3CEE23EE93B5}.Release|Any CPU.Build.0 = Release|Any CPU
		{3FFF9865-8839-E82F-4658-EF0835DE16DD}.Debug|Any CPU.ActiveCfg = Debug|Any CPU
		{3FFF9865-8839-E82F-4658-EF0835DE16DD}.Debug|Any CPU.Build.0 = Debug|Any CPU
		{3FFF9865-8839-E82F-4658-EF0835DE16DD}.Release|Any CPU.ActiveCfg = Release|Any CPU
		{3FFF9865-8839-E82F-4658-EF0835DE16DD}.Release|Any CPU.Build.0 = Release|Any CPU
	EndGlobalSection
	GlobalSection(SolutionProperties) = preSolution
		HideSolutionNode = FALSE
	EndGlobalSection
EndGlobal
